
Microsoft Visual Studio Solution File, Format Version 12.00
# Visual Studio Version 17
VisualStudioVersion = 17.1.32328.378
MinimumVisualStudioVersion = 10.0.40219.1
Project("{FAE04EC0-301F-11D3-BF4B-00C04F79EFBC}") = "EmployeeServiceWithADO.NET", "EmployeeServiceWithADO.NET.csproj", "{0A3B6B6F-8B02-489E-AE09-BE5EA2AB0A00}"
EndProject
Global
	GlobalSection(SolutionConfigurationPlatforms) = preSolution
		Debug|Any CPU = Debug|Any CPU
		Release|Any CPU = Release|Any CPU
	EndGlobalSection
	GlobalSection(ProjectConfigurationPlatforms) = postSolution
		{0A3B6B6F-8B02-489E-AE09-BE5EA2AB0A00}.Debug|Any CPU.ActiveCfg = Debug|Any CPU
		{0A3B6B6F-8B02-489E-AE09-BE5EA2AB0A00}.Debug|Any CPU.Build.0 = Debug|Any CPU
		{0A3B6B6F-8B02-489E-AE09-BE5EA2AB0A00}.Release|Any CPU.ActiveCfg = Release|Any CPU
		{0A3B6B6F-8B02-489E-AE09-BE5EA2AB0A00}.Release|Any CPU.Build.0 = Release|Any CPU
	EndGlobalSection
	GlobalSection(SolutionProperties) = preSolution
		HideSolutionNode = FALSE
	EndGlobalSection
	GlobalSection(ExtensibilityGlobals) = postSolution
		SolutionGuid = {57B82AAD-3185-498D-A451-B96A7C940233}
	EndGlobalSection
EndGlobal
